
Microsoft Visual Studio Solution File, Format Version 12.00
# Visual Studio Version 17
VisualStudioVersion = 17.8.34525.116
MinimumVisualStudioVersion = 10.0.40219.1
Project("{FAE04EC0-301F-11D3-BF4B-00C04F79EFBC}") = "WinApiNotepadDemo", "WinApiNotepadDemo.csproj", "{B68EC633-D42B-410D-B32E-941FFD539729}"
EndProject
Global
	GlobalSection(SolutionConfigurationPlatforms) = preSolution
		Debug|Any CPU = Debug|Any CPU
		Release|Any CPU = Release|Any CPU
	EndGlobalSection
	GlobalSection(ProjectConfigurationPlatforms) = postSolution
		{B68EC633-D42B-410D-B32E-941FFD539729}.Debug|Any CPU.ActiveCfg = Debug|Any CPU
		{B68EC633-D42B-410D-B32E-941FFD539729}.Debug|Any CPU.Build.0 = Debug|Any CPU
		{B68EC633-D42B-410D-B32E-941FFD539729}.Release|Any CPU.ActiveCfg = Release|Any CPU
		{B68EC633-D42B-410D-B32E-941FFD539729}.Release|Any CPU.Build.0 = Release|Any CPU
	EndGlobalSection
	GlobalSection(SolutionProperties) = preSolution
		HideSolutionNode = FALSE
	EndGlobalSection
	GlobalSection(ExtensibilityGlobals) = postSolution
		SolutionGuid = {DA18B82D-D872-4BA5-8E17-AD5DB0EB3B69}
	EndGlobalSection
EndGlobal
